
Microsoft Visual Studio Solution File, Format Version 12.00
# Visual Studio 15
VisualStudioVersion = 15.0.27428.2002
MinimumVisualStudioVersion = 10.0.40219.1
Project("{888888A0-9F3D-457C-B088-3A5042F75D52}") = "MonochromatorGUI", "MonochromatorGUI\MonochromatorGUI.pyproj", "{E88A3145-E1D3-4F56-A415-688CC121D82C}"
EndProject
Global
	GlobalSection(SolutionConfigurationPlatforms) = preSolution
		Debug|Any CPU = Debug|Any CPU
		Release|Any CPU = Release|Any CPU
	EndGlobalSection
	GlobalSection(ProjectConfigurationPlatforms) = postSolution
		{E88A3145-E1D3-4F56-A415-688CC121D82C}.Debug|Any CPU.ActiveCfg = Debug|Any CPU
		{E88A3145-E1D3-4F56-A415-688CC121D82C}.Release|Any CPU.ActiveCfg = Release|Any CPU
	EndGlobalSection
	GlobalSection(SolutionProperties) = preSolution
		HideSolutionNode = FALSE
	EndGlobalSection
	GlobalSection(ExtensibilityGlobals) = postSolution
		SolutionGuid = {5EF3C508-EF4D-41CE-A497-91A95041DDD9}
	EndGlobalSection
EndGlobal
